
Microsoft Visual Studio Solution File, Format Version 12.00
# Visual Studio Version 16
VisualStudioVersion = 16.0.32802.440
MinimumVisualStudioVersion = 10.0.40219.1
Project("{FAE04EC0-301F-11D3-BF4B-00C04F79EFBC}") = "Candyland Final", "Candyland Final\Candyland Final.csproj", "{56F38ECC-2598-48F7-A564-65376AC1D638}"
EndProject
Project("{FAE04EC0-301F-11D3-BF4B-00C04F79EFBC}") = "CandyLandClassLibrary", "CandyLandClassLibrary\CandyLandClassLibrary.csproj", "{2F4F8F01-0B5B-418D-879D-08D5B9461B3F}"
EndProject
Project("{FAE04EC0-301F-11D3-BF4B-00C04F79EFBC}") = "CandyLandUnitTest", "CandyLandUnitTest\CandyLandUnitTest.csproj", "{2F57479A-76A5-49C7-ADA9-CB2E367BE9E7}"
EndProject
Global
	GlobalSection(SolutionConfigurationPlatforms) = preSolution
		Debug|Any CPU = Debug|Any CPU
		Release|Any CPU = Release|Any CPU
	EndGlobalSection
	GlobalSection(ProjectConfigurationPlatforms) = postSolution
		{56F38ECC-2598-48F7-A564-65376AC1D638}.Debug|Any CPU.ActiveCfg = Debug|Any CPU
		{56F38ECC-2598-48F7-A564-65376AC1D638}.Debug|Any CPU.Build.0 = Debug|Any CPU
		{56F38ECC-2598-48F7-A564-65376AC1D638}.Release|Any CPU.ActiveCfg = Release|Any CPU
		{56F38ECC-2598-48F7-A564-65376AC1D638}.Release|Any CPU.Build.0 = Release|Any CPU
		{2F4F8F01-0B5B-418D-879D-08D5B9461B3F}.Debug|Any CPU.ActiveCfg = Debug|Any CPU
		{2F4F8F01-0B5B-418D-879D-08D5B9461B3F}.Debug|Any CPU.Build.0 = Debug|Any CPU
		{2F4F8F01-0B5B-418D-879D-08D5B9461B3F}.Release|Any CPU.ActiveCfg = Release|Any CPU
		{2F4F8F01-0B5B-418D-879D-08D5B9461B3F}.Release|Any CPU.Build.0 = Release|Any CPU
		{2F57479A-76A5-49C7-ADA9-CB2E367BE9E7}.Debug|Any CPU.ActiveCfg = Debug|Any CPU
		{2F57479A-76A5-49C7-ADA9-CB2E367BE9E7}.Debug|Any CPU.Build.0 = Debug|Any CPU
		{2F57479A-76A5-49C7-ADA9-CB2E367BE9E7}.Release|Any CPU.ActiveCfg = Release|Any CPU
		{2F57479A-76A5-49C7-ADA9-CB2E367BE9E7}.Release|Any CPU.Build.0 = Release|Any CPU
	EndGlobalSection
	GlobalSection(SolutionProperties) = preSolution
		HideSolutionNode = FALSE
	EndGlobalSection
	GlobalSection(ExtensibilityGlobals) = postSolution
		SolutionGuid = {662080DB-799B-46DA-809F-C5F0A86433FA}
	EndGlobalSection
EndGlobal
